
Microsoft Visual Studio Solution File, Format Version 12.00
# Visual Studio 14
VisualStudioVersion = 14.0.23107.0
MinimumVisualStudioVersion = 10.0.40219.1
Project("{FAE04EC0-301F-11D3-BF4B-00C04F79EFBC}") = "Porrey.Uwp.IoT.Devices.Ds1307", "Porrey.Uwp.IoT.Devices.Ds1307\Porrey.Uwp.IoT.Devices.Ds1307.csproj", "{C7B9B501-AB3F-4A8F-8B2E-4B601BBD528D}"
EndProject
Project("{FAE04EC0-301F-11D3-BF4B-00C04F79EFBC}") = "Porrey.Uwp.IoT.Ntp", "Porrey.Uwp.IoT.Ntp\Porrey.Uwp.IoT.Ntp.csproj", "{63493CA8-1949-4A51-BCDC-1DF6D7374B30}"
EndProject
Project("{FAE04EC0-301F-11D3-BF4B-00C04F79EFBC}") = "Porrey.Uwp.IoT.Sensors.I2c", "Porrey.Uwp.IoT.Sensors.I2C\Porrey.Uwp.IoT.Sensors.I2c.csproj", "{18F9CD57-2EBF-42EB-8568-1756A2F3FBB3}"
EndProject
Project("{FAE04EC0-301F-11D3-BF4B-00C04F79EFBC}") = "Porrey.Uwp.IoT.Sensors.Htu21df", "Porrey.Uwp.IoT.Sensors.Htu21df\Porrey.Uwp.IoT.Sensors.Htu21df.csproj", "{CAA01975-5254-4B37-90C8-0D4DE3CCD129}"
EndProject
Project("{FAE04EC0-301F-11D3-BF4B-00C04F79EFBC}") = "Porrey.Uwp.IoT.Devices.Lifx", "Porrey.Uwp.IoT.Devices.Lifx\Porrey.Uwp.IoT.Devices.Lifx.csproj", "{9E32023A-493B-483C-AB8A-81953F7149D9}"
EndProject
Project("{FAE04EC0-301F-11D3-BF4B-00C04F79EFBC}") = "Demo Application", "Demo Application\Demo Application.csproj", "{CBC1398B-3ACA-4AB6-8665-CE382CA2B431}"
EndProject
Project("{FAE04EC0-301F-11D3-BF4B-00C04F79EFBC}") = "Porrey.Uwp.IoT.Temperature", "Porrey.Uwp.IoT.Temperature\Porrey.Uwp.IoT.Temperature.csproj", "{50FCFE00-BB7D-440D-80FE-02C414922B5C}"
EndProject
Project("{FAE04EC0-301F-11D3-BF4B-00C04F79EFBC}") = "Porrey.Uwp.IoT.Devices.Keypad", "Porrey.Uwp.IoT.Devices.Keypad\Porrey.Uwp.IoT.Devices.Keypad.csproj", "{3E760075-28C1-4491-95BD-5DE4185AD6D4}"
EndProject
Project("{FAE04EC0-301F-11D3-BF4B-00C04F79EFBC}") = "Porrey.Uwp.IoT.SensorStability", "Porrey.Uwp.IoT.SensorStability\Porrey.Uwp.IoT.SensorStability.csproj", "{A8B6F759-087B-47EE-9ABF-4882CCBF0362}"
EndProject
Project("{FAE04EC0-301F-11D3-BF4B-00C04F79EFBC}") = "Porrey.Uwp.IoT.Calibration", "Porrey.Uwp.IoT.Calibration\Porrey.Uwp.IoT.Calibration.csproj", "{DCA99CC2-315B-4394-9B60-4600738C1F1F}"
EndProject
Project("{FAE04EC0-301F-11D3-BF4B-00C04F79EFBC}") = "Porrey.Uwp.IoT.Sensors.Spi", "Porrey.Uwp.IoT.Sensors.Spi\Porrey.Uwp.IoT.Sensors.Spi.csproj", "{ACFB968F-06F9-4F4F-9A70-ED226BE12E31}"
EndProject
Project("{FAE04EC0-301F-11D3-BF4B-00C04F79EFBC}") = "Porrey.Uwp.IoT.Sensors.SI1145", "Porrey.Uwp.IoT.Sensors.SI1145\Porrey.Uwp.IoT.Sensors.SI1145.csproj", "{15F4D8E3-F45B-4C5E-9435-AE938B5AF5F0}"
EndProject
Project("{FAE04EC0-301F-11D3-BF4B-00C04F79EFBC}") = "Porrey.Uwp.IoT.Sensors.Mcp3008", "Porrey.Uwp.IoT.Sensors.Mcp3008\Porrey.Uwp.IoT.Sensors.Mcp3008.csproj", "{B6DFA5FD-A095-47B5-8062-45A07EE728C6}"
EndProject
Project("{FAE04EC0-301F-11D3-BF4B-00C04F79EFBC}") = "Porrey.Uwp.IoT.Sensors.Mcp9808", "Porrey.Uwp.IoT.Sensors.Mcp9808\Porrey.Uwp.IoT.Sensors.Mcp9808.csproj", "{DFAAC570-B57A-47E6-975B-1EC5D5D0A594}"
EndProject
Project("{FAE04EC0-301F-11D3-BF4B-00C04F79EFBC}") = "Porrey.Uwp.IoT.SoftPwm", "Porrey.Uwp.IoT.SoftPwm\Porrey.Uwp.IoT.SoftPwm.csproj", "{BBFE22A6-5151-431D-933A-3CA700015FC8}"
EndProject
Project("{FAE04EC0-301F-11D3-BF4B-00C04F79EFBC}") = "Porrey.Uwp.IoT.FluentApi", "Porrey.Uwp.IoT.FluentApi\Porrey.Uwp.IoT.FluentApi.csproj", "{6681A9D6-5480-4442-A4AD-D76C2CC64413}"
EndProject
Project("{FAE04EC0-301F-11D3-BF4B-00C04F79EFBC}") = "Porrey.Uwp.IoT.Devices.Arduino", "Porrey.Uwp.IoT.Devices.Arduino\Porrey.Uwp.IoT.Devices.Arduino.csproj", "{B392B797-ABD4-48BD-A4E5-3DBA4D5C5BF8}"
EndProject
Global
	GlobalSection(SolutionConfigurationPlatforms) = preSolution
		Debug|Any CPU = Debug|Any CPU
		Debug|ARM = Debug|ARM
		Debug|x64 = Debug|x64
		Debug|x86 = Debug|x86
		Release|Any CPU = Release|Any CPU
		Release|ARM = Release|ARM
		Release|x64 = Release|x64
		Release|x86 = Release|x86
	EndGlobalSection
	GlobalSection(ProjectConfigurationPlatforms) = postSolution
		{C7B9B501-AB3F-4A8F-8B2E-4B601BBD528D}.Debug|Any CPU.ActiveCfg = Debug|Any CPU
		{C7B9B501-AB3F-4A8F-8B2E-4B601BBD528D}.Debug|Any CPU.Build.0 = Debug|Any CPU
		{C7B9B501-AB3F-4A8F-8B2E-4B601BBD528D}.Debug|ARM.ActiveCfg = Debug|ARM
		{C7B9B501-AB3F-4A8F-8B2E-4B601BBD528D}.Debug|ARM.Build.0 = Debug|ARM
		{C7B9B501-AB3F-4A8F-8B2E-4B601BBD528D}.Debug|x64.ActiveCfg = Debug|x64
		{C7B9B501-AB3F-4A8F-8B2E-4B601BBD528D}.Debug|x64.Build.0 = Debug|x64
		{C7B9B501-AB3F-4A8F-8B2E-4B601BBD528D}.Debug|x86.ActiveCfg = Debug|x86
		{C7B9B501-AB3F-4A8F-8B2E-4B601BBD528D}.Debug|x86.Build.0 = Debug|x86
		{C7B9B501-AB3F-4A8F-8B2E-4B601BBD528D}.Release|Any CPU.ActiveCfg = Release|Any CPU
		{C7B9B501-AB3F-4A8F-8B2E-4B601BBD528D}.Release|Any CPU.Build.0 = Release|Any CPU
		{C7B9B501-AB3F-4A8F-8B2E-4B601BBD528D}.Release|ARM.ActiveCfg = Release|ARM
		{C7B9B501-AB3F-4A8F-8B2E-4B601BBD528D}.Release|ARM.Build.0 = Release|ARM
		{C7B9B501-AB3F-4A8F-8B2E-4B601BBD528D}.Release|x64.ActiveCfg = Release|x64
		{C7B9B501-AB3F-4A8F-8B2E-4B601BBD528D}.Release|x64.Build.0 = Release|x64
		{C7B9B501-AB3F-4A8F-8B2E-4B601BBD528D}.Release|x86.ActiveCfg = Release|x86
		{C7B9B501-AB3F-4A8F-8B2E-4B601BBD528D}.Release|x86.Build.0 = Release|x86
		{63493CA8-1949-4A51-BCDC-1DF6D7374B30}.Debug|Any CPU.ActiveCfg = Debug|Any CPU
		{63493CA8-1949-4A51-BCDC-1DF6D7374B30}.Debug|Any CPU.Build.0 = Debug|Any CPU
		{63493CA8-1949-4A51-BCDC-1DF6D7374B30}.Debug|ARM.ActiveCfg = Debug|ARM
		{63493CA8-1949-4A51-BCDC-1DF6D7374B30}.Debug|ARM.Build.0 = Debug|ARM
		{63493CA8-1949-4A51-BCDC-1DF6D7374B30}.Debug|x64.ActiveCfg = Debug|x64
		{63493CA8-1949-4A51-BCDC-1DF6D7374B30}.Debug|x64.Build.0 = Debug|x64
		{63493CA8-1949-4A51-BCDC-1DF6D7374B30}.Debug|x86.ActiveCfg = Debug|x86
		{63493CA8-1949-4A51-BCDC-1DF6D7374B30}.Debug|x86.Build.0 = Debug|x86
		{63493CA8-1949-4A51-BCDC-1DF6D7374B30}.Release|Any CPU.ActiveCfg = Release|Any CPU
		{63493CA8-1949-4A51-BCDC-1DF6D7374B30}.Release|Any CPU.Build.0 = Release|Any CPU
		{63493CA8-1949-4A51-BCDC-1DF6D7374B30}.Release|ARM.ActiveCfg = Release|ARM
		{63493CA8-1949-4A51-BCDC-1DF6D7374B30}.Release|ARM.Build.0 = Release|ARM
		{63493CA8-1949-4A51-BCDC-1DF6D7374B30}.Release|x64.ActiveCfg = Release|x64
		{63493CA8-1949-4A51-BCDC-1DF6D7374B30}.Release|x64.Build.0 = Release|x64
		{63493CA8-1949-4A51-BCDC-1DF6D7374B30}.Release|x86.ActiveCfg = Release|x86
		{63493CA8-1949-4A51-BCDC-1DF6D7374B30}.Release|x86.Build.0 = Release|x86
		{18F9CD57-2EBF-42EB-8568-1756A2F3FBB3}.Debug|Any CPU.ActiveCfg = Debug|Any CPU
		{18F9CD57-2EBF-42EB-8568-1756A2F3FBB3}.Debug|Any CPU.Build.0 = Debug|Any CPU
		{18F9CD57-2EBF-42EB-8568-1756A2F3FBB3}.Debug|ARM.ActiveCfg = Debug|ARM
		{18F9CD57-2EBF-42EB-8568-1756A2F3FBB3}.Debug|ARM.Build.0 = Debug|ARM
		{18F9CD57-2EBF-42EB-8568-1756A2F3FBB3}.Debug|x64.ActiveCfg = Debug|x64
		{18F9CD57-2EBF-42EB-8568-1756A2F3FBB3}.Debug|x64.Build.0 = Debug|x64
		{18F9CD57-2EBF-42EB-8568-1756A2F3FBB3}.Debug|x86.ActiveCfg = Debug|x86
		{18F9CD57-2EBF-42EB-8568-1756A2F3FBB3}.Debug|x86.Build.0 = Debug|x86
		{18F9CD57-2EBF-42EB-8568-1756A2F3FBB3}.Release|Any CPU.ActiveCfg = Release|Any CPU
		{18F9CD57-2EBF-42EB-8568-1756A2F3FBB3}.Release|Any CPU.Build.0 = Release|Any CPU
		{18F9CD57-2EBF-42EB-8568-1756A2F3FBB3}.Release|ARM.ActiveCfg = Release|ARM
		{18F9CD57-2EBF-42EB-8568-1756A2F3FBB3}.Release|ARM.Build.0 = Release|ARM
		{18F9CD57-2EBF-42EB-8568-1756A2F3FBB3}.Release|x64.ActiveCfg = Release|x64
		{18F9CD57-2EBF-42EB-8568-1756A2F3FBB3}.Release|x64.Build.0 = Release|x64
		{18F9CD57-2EBF-42EB-8568-1756A2F3FBB3}.Release|x86.ActiveCfg = Release|x86
		{18F9CD57-2EBF-42EB-8568-1756A2F3FBB3}.Release|x86.Build.0 = Release|x86
		{CAA01975-5254-4B37-90C8-0D4DE3CCD129}.Debug|Any CPU.ActiveCfg = Debug|Any CPU
		{CAA01975-5254-4B37-90C8-0D4DE3CCD129}.Debug|Any CPU.Build.0 = Debug|Any CPU
		{CAA01975-5254-4B37-90C8-0D4DE3CCD129}.Debug|ARM.ActiveCfg = Debug|ARM
		{CAA01975-5254-4B37-90C8-0D4DE3CCD129}.Debug|ARM.Build.0 = Debug|ARM
		{CAA01975-5254-4B37-90C8-0D4DE3CCD129}.Debug|x64.ActiveCfg = Debug|x64
		{CAA01975-5254-4B37-90C8-0D4DE3CCD129}.Debug|x64.Build.0 = Debug|x64
		{CAA01975-5254-4B37-90C8-0D4DE3CCD129}.Debug|x86.ActiveCfg = Debug|x86
		{CAA01975-5254-4B37-90C8-0D4DE3CCD129}.Debug|x86.Build.0 = Debug|x86
		{CAA01975-5254-4B37-90C8-0D4DE3CCD129}.Release|Any CPU.ActiveCfg = Release|Any CPU
		{CAA01975-5254-4B37-90C8-0D4DE3CCD129}.Release|Any CPU.Build.0 = Release|Any CPU
		{CAA01975-5254-4B37-90C8-0D4DE3CCD129}.Release|ARM.ActiveCfg = Release|ARM
		{CAA01975-5254-4B37-90C8-0D4DE3CCD129}.Release|ARM.Build.0 = Release|ARM
		{CAA01975-5254-4B37-90C8-0D4DE3CCD129}.Release|x64.ActiveCfg = Release|x64
		{CAA01975-5254-4B37-90C8-0D4DE3CCD129}.Release|x64.Build.0 = Release|x64
		{CAA01975-5254-4B37-90C8-0D4DE3CCD129}.Release|x86.ActiveCfg = Release|x86
		{CAA01975-5254-4B37-90C8-0D4DE3CCD129}.Release|x86.Build.0 = Release|x86
		{9E32023A-493B-483C-AB8A-81953F7149D9}.Debug|Any CPU.ActiveCfg = Debug|Any CPU
		{9E32023A-493B-483C-AB8A-81953F7149D9}.Debug|Any CPU.Build.0 = Debug|Any CPU
		{9E32023A-493B-483C-AB8A-81953F7149D9}.Debug|ARM.ActiveCfg = Debug|ARM
		{9E32023A-493B-483C-AB8A-81953F7149D9}.Debug|ARM.Build.0 = Debug|ARM
		{9E32023A-493B-483C-AB8A-81953F7149D9}.Debug|x64.ActiveCfg = Debug|x64
		{9E32023A-493B-483C-AB8A-81953F7149D9}.Debug|x64.Build.0 = Debug|x64
		{9E32023A-493B-483C-AB8A-81953F7149D9}.Debug|x86.ActiveCfg = Debug|x86
		{9E32023A-493B-483C-AB8A-81953F7149D9}.Debug|x86.Build.0 = Debug|x86
		{9E32023A-493B-483C-AB8A-81953F7149D9}.Release|Any CPU.ActiveCfg = Release|Any CPU
		{9E32023A-493B-483C-AB8A-81953F7149D9}.Release|Any CPU.Build.0 = Release|Any CPU
		{9E32023A-493B-483C-AB8A-81953F7149D9}.Release|ARM.ActiveCfg = Release|ARM
		{9E32023A-493B-483C-AB8A-81953F7149D9}.Release|ARM.Build.0 = Release|ARM
		{9E32023A-493B-483C-AB8A-81953F7149D9}.Release|x64.ActiveCfg = Release|x64
		{9E32023A-493B-483C-AB8A-81953F7149D9}.Release|x64.Build.0 = Release|x64
		{9E32023A-493B-483C-AB8A-81953F7149D9}.Release|x86.ActiveCfg = Release|x86
		{9E32023A-493B-483C-AB8A-81953F7149D9}.Release|x86.Build.0 = Release|x86
		{CBC1398B-3ACA-4AB6-8665-CE382CA2B431}.Debug|Any CPU.ActiveCfg = Debug|x86
		{CBC1398B-3ACA-4AB6-8665-CE382CA2B431}.Debug|ARM.ActiveCfg = Debug|ARM
		{CBC1398B-3ACA-4AB6-8665-CE382CA2B431}.Debug|ARM.Build.0 = Debug|ARM
		{CBC1398B-3ACA-4AB6-8665-CE382CA2B431}.Debug|ARM.Deploy.0 = Debug|ARM
		{CBC1398B-3ACA-4AB6-8665-CE382CA2B431}.Debug|x64.ActiveCfg = Debug|x64
		{CBC1398B-3ACA-4AB6-8665-CE382CA2B431}.Debug|x64.Build.0 = Debug|x64
		{CBC1398B-3ACA-4AB6-8665-CE382CA2B431}.Debug|x64.Deploy.0 = Debug|x64
		{CBC1398B-3ACA-4AB6-8665-CE382CA2B431}.Debug|x86.ActiveCfg = Debug|x86
		{CBC1398B-3ACA-4AB6-8665-CE382CA2B431}.Debug|x86.Build.0 = Debug|x86
		{CBC1398B-3ACA-4AB6-8665-CE382CA2B431}.Debug|x86.Deploy.0 = Debug|x86
		{CBC1398B-3ACA-4AB6-8665-CE382CA2B431}.Release|Any CPU.ActiveCfg = Release|x86
		{CBC1398B-3ACA-4AB6-8665-CE382CA2B431}.Release|ARM.ActiveCfg = Release|ARM
		{CBC1398B-3ACA-4AB6-8665-CE382CA2B431}.Release|ARM.Build.0 = Release|ARM
		{CBC1398B-3ACA-4AB6-8665-CE382CA2B431}.Release|ARM.Deploy.0 = Release|ARM
		{CBC1398B-3ACA-4AB6-8665-CE382CA2B431}.Release|x64.ActiveCfg = Release|x64
		{CBC1398B-3ACA-4AB6-8665-CE382CA2B431}.Release|x64.Build.0 = Release|x64
		{CBC1398B-3ACA-4AB6-8665-CE382CA2B431}.Release|x64.Deploy.0 = Release|x64
		{CBC1398B-3ACA-4AB6-8665-CE382CA2B431}.Release|x86.ActiveCfg = Release|x86
		{CBC1398B-3ACA-4AB6-8665-CE382CA2B431}.Release|x86.Build.0 = Release|x86
		{CBC1398B-3ACA-4AB6-8665-CE382CA2B431}.Release|x86.Deploy.0 = Release|x86
		{50FCFE00-BB7D-440D-80FE-02C414922B5C}.Debug|Any CPU.ActiveCfg = Debug|Any CPU
		{50FCFE00-BB7D-440D-80FE-02C414922B5C}.Debug|Any CPU.Build.0 = Debug|Any CPU
		{50FCFE00-BB7D-440D-80FE-02C414922B5C}.Debug|ARM.ActiveCfg = Debug|ARM
		{50FCFE00-BB7D-440D-80FE-02C414922B5C}.Debug|ARM.Build.0 = Debug|ARM
		{50FCFE00-BB7D-440D-80FE-02C414922B5C}.Debug|x64.ActiveCfg = Debug|x64
		{50FCFE00-BB7D-440D-80FE-02C414922B5C}.Debug|x64.Build.0 = Debug|x64
		{50FCFE00-BB7D-440D-80FE-02C414922B5C}.Debug|x86.ActiveCfg = Debug|x86
		{50FCFE00-BB7D-440D-80FE-02C414922B5C}.Debug|x86.Build.0 = Debug|x86
		{50FCFE00-BB7D-440D-80FE-02C414922B5C}.Release|Any CPU.ActiveCfg = Release|Any CPU
		{50FCFE00-BB7D-440D-80FE-02C414922B5C}.Release|Any CPU.Build.0 = Release|Any CPU
		{50FCFE00-BB7D-440D-80FE-02C414922B5C}.Release|ARM.ActiveCfg = Release|ARM
		{50FCFE00-BB7D-440D-80FE-02C414922B5C}.Release|ARM.Build.0 = Release|ARM
		{50FCFE00-BB7D-440D-80FE-02C414922B5C}.Release|x64.ActiveCfg = Release|x64
		{50FCFE00-BB7D-440D-80FE-02C414922B5C}.Release|x64.Build.0 = Release|x64
		{50FCFE00-BB7D-440D-80FE-02C414922B5C}.Release|x86.ActiveCfg = Release|x86
		{50FCFE00-BB7D-440D-80FE-02C414922B5C}.Release|x86.Build.0 = Release|x86
		{3E760075-28C1-4491-95BD-5DE4185AD6D4}.Debug|Any CPU.ActiveCfg = Debug|Any CPU
		{3E760075-28C1-4491-95BD-5DE4185AD6D4}.Debug|Any CPU.Build.0 = Debug|Any CPU
		{3E760075-28C1-4491-95BD-5DE4185AD6D4}.Debug|ARM.ActiveCfg = Debug|ARM
		{3E760075-28C1-4491-95BD-5DE4185AD6D4}.Debug|ARM.Build.0 = Debug|ARM
		{3E760075-28C1-4491-95BD-5DE4185AD6D4}.Debug|x64.ActiveCfg = Debug|x64
		{3E760075-28C1-4491-95BD-5DE4185AD6D4}.Debug|x64.Build.0 = Debug|x64
		{3E760075-28C1-4491-95BD-5DE4185AD6D4}.Debug|x86.ActiveCfg = Debug|x86
		{3E760075-28C1-4491-95BD-5DE4185AD6D4}.Debug|x86.Build.0 = Debug|x86
		{3E760075-28C1-4491-95BD-5DE4185AD6D4}.Release|Any CPU.ActiveCfg = Release|Any CPU
		{3E760075-28C1-4491-95BD-5DE4185AD6D4}.Release|Any CPU.Build.0 = Release|Any CPU
		{3E760075-28C1-4491-95BD-5DE4185AD6D4}.Release|ARM.ActiveCfg = Release|ARM
		{3E760075-28C1-4491-95BD-5DE4185AD6D4}.Release|ARM.Build.0 = Release|ARM
		{3E760075-28C1-4491-95BD-5DE4185AD6D4}.Release|x64.ActiveCfg = Release|x64
		{3E760075-28C1-4491-95BD-5DE4185AD6D4}.Release|x64.Build.0 = Release|x64
		{3E760075-28C1-4491-95BD-5DE4185AD6D4}.Release|x86.ActiveCfg = Release|x86
		{3E760075-28C1-4491-95BD-5DE4185AD6D4}.Release|x86.Build.0 = Release|x86
		{A8B6F759-087B-47EE-9ABF-4882CCBF0362}.Debug|Any CPU.ActiveCfg = Debug|Any CPU
		{A8B6F759-087B-47EE-9ABF-4882CCBF0362}.Debug|Any CPU.Build.0 = Debug|Any CPU
		{A8B6F759-087B-47EE-9ABF-4882CCBF0362}.Debug|ARM.ActiveCfg = Debug|ARM
		{A8B6F759-087B-47EE-9ABF-4882CCBF0362}.Debug|ARM.Build.0 = Debug|ARM
		{A8B6F759-087B-47EE-9ABF-4882CCBF0362}.Debug|x64.ActiveCfg = Debug|x64
		{A8B6F759-087B-47EE-9ABF-4882CCBF0362}.Debug|x64.Build.0 = Debug|x64
		{A8B6F759-087B-47EE-9ABF-4882CCBF0362}.Debug|x86.ActiveCfg = Debug|x86
		{A8B6F759-087B-47EE-9ABF-4882CCBF0362}.Debug|x86.Build.0 = Debug|x86
		{A8B6F759-087B-47EE-9ABF-4882CCBF0362}.Release|Any CPU.ActiveCfg = Release|Any CPU
		{A8B6F759-087B-47EE-9ABF-4882CCBF0362}.Release|Any CPU.Build.0 = Release|Any CPU
		{A8B6F759-087B-47EE-9ABF-4882CCBF0362}.Release|ARM.ActiveCfg = Release|ARM
		{A8B6F759-087B-47EE-9ABF-4882CCBF0362}.Release|ARM.Build.0 = Release|ARM
		{A8B6F759-087B-47EE-9ABF-4882CCBF0362}.Release|x64.ActiveCfg = Release|x64
		{A8B6F759-087B-47EE-9ABF-4882CCBF0362}.Release|x64.Build.0 = Release|x64
		{A8B6F759-087B-47EE-9ABF-4882CCBF0362}.Release|x86.ActiveCfg = Release|x86
		{A8B6F759-087B-47EE-9ABF-4882CCBF0362}.Release|x86.Build.0 = Release|x86
		{DCA99CC2-315B-4394-9B60-4600738C1F1F}.Debug|Any CPU.ActiveCfg = Debug|Any CPU
		{DCA99CC2-315B-4394-9B60-4600738C1F1F}.Debug|Any CPU.Build.0 = Debug|Any CPU
		{DCA99CC2-315B-4394-9B60-4600738C1F1F}.Debug|ARM.ActiveCfg = Debug|ARM
		{DCA99CC2-315B-4394-9B60-4600738C1F1F}.Debug|ARM.Build.0 = Debug|ARM
		{DCA99CC2-315B-4394-9B60-4600738C1F1F}.Debug|x64.ActiveCfg = Debug|x64
		{DCA99CC2-315B-4394-9B60-4600738C1F1F}.Debug|x64.Build.0 = Debug|x64
		{DCA99CC2-315B-4394-9B60-4600738C1F1F}.Debug|x86.ActiveCfg = Debug|x86
		{DCA99CC2-315B-4394-9B60-4600738C1F1F}.Debug|x86.Build.0 = Debug|x86
		{DCA99CC2-315B-4394-9B60-4600738C1F1F}.Release|Any CPU.ActiveCfg = Release|Any CPU
		{DCA99CC2-315B-4394-9B60-4600738C1F1F}.Release|Any CPU.Build.0 = Release|Any CPU
		{DCA99CC2-315B-4394-9B60-4600738C1F1F}.Release|ARM.ActiveCfg = Release|ARM
		{DCA99CC2-315B-4394-9B60-4600738C1F1F}.Release|ARM.Build.0 = Release|ARM
		{DCA99CC2-315B-4394-9B60-4600738C1F1F}.Release|x64.ActiveCfg = Release|x64
		{DCA99CC2-315B-4394-9B60-4600738C1F1F}.Release|x64.Build.0 = Release|x64
		{DCA99CC2-315B-4394-9B60-4600738C1F1F}.Release|x86.ActiveCfg = Release|x86
		{DCA99CC2-315B-4394-9B60-4600738C1F1F}.Release|x86.Build.0 = Release|x86
		{ACFB968F-06F9-4F4F-9A70-ED226BE12E31}.Debug|Any CPU.ActiveCfg = Debug|Any CPU
		{ACFB968F-06F9-4F4F-9A70-ED226BE12E31}.Debug|Any CPU.Build.0 = Debug|Any CPU
		{ACFB968F-06F9-4F4F-9A70-ED226BE12E31}.Debug|ARM.ActiveCfg = Debug|ARM
		{ACFB968F-06F9-4F4F-9A70-ED226BE12E31}.Debug|ARM.Build.0 = Debug|ARM
		{ACFB968F-06F9-4F4F-9A70-ED226BE12E31}.Debug|x64.ActiveCfg = Debug|x64
		{ACFB968F-06F9-4F4F-9A70-ED226BE12E31}.Debug|x64.Build.0 = Debug|x64
		{ACFB968F-06F9-4F4F-9A70-ED226BE12E31}.Debug|x86.ActiveCfg = Debug|x86
		{ACFB968F-06F9-4F4F-9A70-ED226BE12E31}.Debug|x86.Build.0 = Debug|x86
		{ACFB968F-06F9-4F4F-9A70-ED226BE12E31}.Release|Any CPU.ActiveCfg = Release|Any CPU
		{ACFB968F-06F9-4F4F-9A70-ED226BE12E31}.Release|Any CPU.Build.0 = Release|Any CPU
		{ACFB968F-06F9-4F4F-9A70-ED226BE12E31}.Release|ARM.ActiveCfg = Release|ARM
		{ACFB968F-06F9-4F4F-9A70-ED226BE12E31}.Release|ARM.Build.0 = Release|ARM
		{ACFB968F-06F9-4F4F-9A70-ED226BE12E31}.Release|x64.ActiveCfg = Release|x64
		{ACFB968F-06F9-4F4F-9A70-ED226BE12E31}.Release|x64.Build.0 = Release|x64
		{ACFB968F-06F9-4F4F-9A70-ED226BE12E31}.Release|x86.ActiveCfg = Release|x86
		{ACFB968F-06F9-4F4F-9A70-ED226BE12E31}.Release|x86.Build.0 = Release|x86
		{15F4D8E3-F45B-4C5E-9435-AE938B5AF5F0}.Debug|Any CPU.ActiveCfg = Debug|Any CPU
		{15F4D8E3-F45B-4C5E-9435-AE938B5AF5F0}.Debug|Any CPU.Build.0 = Debug|Any CPU
		{15F4D8E3-F45B-4C5E-9435-AE938B5AF5F0}.Debug|ARM.ActiveCfg = Debug|ARM
		{15F4D8E3-F45B-4C5E-9435-AE938B5AF5F0}.Debug|ARM.Build.0 = Debug|ARM
		{15F4D8E3-F45B-4C5E-9435-AE938B5AF5F0}.Debug|x64.ActiveCfg = Debug|x64
		{15F4D8E3-F45B-4C5E-9435-AE938B5AF5F0}.Debug|x64.Build.0 = Debug|x64
		{15F4D8E3-F45B-4C5E-9435-AE938B5AF5F0}.Debug|x86.ActiveCfg = Debug|x86
		{15F4D8E3-F45B-4C5E-9435-AE938B5AF5F0}.Debug|x86.Build.0 = Debug|x86
		{15F4D8E3-F45B-4C5E-9435-AE938B5AF5F0}.Release|Any CPU.ActiveCfg = Release|Any CPU
		{15F4D8E3-F45B-4C5E-9435-AE938B5AF5F0}.Release|Any CPU.Build.0 = Release|Any CPU
		{15F4D8E3-F45B-4C5E-9435-AE938B5AF5F0}.Release|ARM.ActiveCfg = Release|ARM
		{15F4D8E3-F45B-4C5E-9435-AE938B5AF5F0}.Release|ARM.Build.0 = Release|ARM
		{15F4D8E3-F45B-4C5E-9435-AE938B5AF5F0}.Release|x64.ActiveCfg = Release|x64
		{15F4D8E3-F45B-4C5E-9435-AE938B5AF5F0}.Release|x64.Build.0 = Release|x64
		{15F4D8E3-F45B-4C5E-9435-AE938B5AF5F0}.Release|x86.ActiveCfg = Release|x86
		{15F4D8E3-F45B-4C5E-9435-AE938B5AF5F0}.Release|x86.Build.0 = Release|x86
		{B6DFA5FD-A095-47B5-8062-45A07EE728C6}.Debug|Any CPU.ActiveCfg = Debug|Any CPU
		{B6DFA5FD-A095-47B5-8062-45A07EE728C6}.Debug|Any CPU.Build.0 = Debug|Any CPU
		{B6DFA5FD-A095-47B5-8062-45A07EE728C6}.Debug|ARM.ActiveCfg = Debug|ARM
		{B6DFA5FD-A095-47B5-8062-45A07EE728C6}.Debug|ARM.Build.0 = Debug|ARM
		{B6DFA5FD-A095-47B5-8062-45A07EE728C6}.Debug|x64.ActiveCfg = Debug|x64
		{B6DFA5FD-A095-47B5-8062-45A07EE728C6}.Debug|x64.Build.0 = Debug|x64
		{B6DFA5FD-A095-47B5-8062-45A07EE728C6}.Debug|x86.ActiveCfg = Debug|x86
		{B6DFA5FD-A095-47B5-8062-45A07EE728C6}.Debug|x86.Build.0 = Debug|x86
		{B6DFA5FD-A095-47B5-8062-45A07EE728C6}.Release|Any CPU.ActiveCfg = Release|Any CPU
		{B6DFA5FD-A095-47B5-8062-45A07EE728C6}.Release|Any CPU.Build.0 = Release|Any CPU
		{B6DFA5FD-A095-47B5-8062-45A07EE728C6}.Release|ARM.ActiveCfg = Release|ARM
		{B6DFA5FD-A095-47B5-8062-45A07EE728C6}.Release|ARM.Build.0 = Release|ARM
		{B6DFA5FD-A095-47B5-8062-45A07EE728C6}.Release|x64.ActiveCfg = Release|x64
		{B6DFA5FD-A095-47B5-8062-45A07EE728C6}.Release|x64.Build.0 = Release|x64
		{B6DFA5FD-A095-47B5-8062-45A07EE728C6}.Release|x86.ActiveCfg = Release|x86
		{B6DFA5FD-A095-47B5-8062-45A07EE728C6}.Release|x86.Build.0 = Release|x86
		{DFAAC570-B57A-47E6-975B-1EC5D5D0A594}.Debug|Any CPU.ActiveCfg = Debug|Any CPU
		{DFAAC570-B57A-47E6-975B-1EC5D5D0A594}.Debug|Any CPU.Build.0 = Debug|Any CPU
		{DFAAC570-B57A-47E6-975B-1EC5D5D0A594}.Debug|ARM.ActiveCfg = Debug|ARM
		{DFAAC570-B57A-47E6-975B-1EC5D5D0A594}.Debug|ARM.Build.0 = Debug|ARM
		{DFAAC570-B57A-47E6-975B-1EC5D5D0A594}.Debug|x64.ActiveCfg = Debug|x64
		{DFAAC570-B57A-47E6-975B-1EC5D5D0A594}.Debug|x64.Build.0 = Debug|x64
		{DFAAC570-B57A-47E6-975B-1EC5D5D0A594}.Debug|x86.ActiveCfg = Debug|x86
		{DFAAC570-B57A-47E6-975B-1EC5D5D0A594}.Debug|x86.Build.0 = Debug|x86
		{DFAAC570-B57A-47E6-975B-1EC5D5D0A594}.Release|Any CPU.ActiveCfg = Release|Any CPU
		{DFAAC570-B57A-47E6-975B-1EC5D5D0A594}.Release|Any CPU.Build.0 = Release|Any CPU
		{DFAAC570-B57A-47E6-975B-1EC5D5D0A594}.Release|ARM.ActiveCfg = Release|ARM
		{DFAAC570-B57A-47E6-975B-1EC5D5D0A594}.Release|ARM.Build.0 = Release|ARM
		{DFAAC570-B57A-47E6-975B-1EC5D5D0A594}.Release|x64.ActiveCfg = Release|x64
		{DFAAC570-B57A-47E6-975B-1EC5D5D0A594}.Release|x64.Build.0 = Release|x64
		{DFAAC570-B57A-47E6-975B-1EC5D5D0A594}.Release|x86.ActiveCfg = Release|x86
		{DFAAC570-B57A-47E6-975B-1EC5D5D0A594}.Release|x86.Build.0 = Release|x86
		{BBFE22A6-5151-431D-933A-3CA700015FC8}.Debug|Any CPU.ActiveCfg = Debug|Any CPU
		{BBFE22A6-5151-431D-933A-3CA700015FC8}.Debug|Any CPU.Build.0 = Debug|Any CPU
		{BBFE22A6-5151-431D-933A-3CA700015FC8}.Debug|ARM.ActiveCfg = Debug|ARM
		{BBFE22A6-5151-431D-933A-3CA700015FC8}.Debug|ARM.Build.0 = Debug|ARM
		{BBFE22A6-5151-431D-933A-3CA700015FC8}.Debug|x64.ActiveCfg = Debug|x64
		{BBFE22A6-5151-431D-933A-3CA700015FC8}.Debug|x64.Build.0 = Debug|x64
		{BBFE22A6-5151-431D-933A-3CA700015FC8}.Debug|x86.ActiveCfg = Debug|x86
		{BBFE22A6-5151-431D-933A-3CA700015FC8}.Debug|x86.Build.0 = Debug|x86
		{BBFE22A6-5151-431D-933A-3CA700015FC8}.Release|Any CPU.ActiveCfg = Release|Any CPU
		{BBFE22A6-5151-431D-933A-3CA700015FC8}.Release|Any CPU.Build.0 = Release|Any CPU
		{BBFE22A6-5151-431D-933A-3CA700015FC8}.Release|ARM.ActiveCfg = Release|ARM
		{BBFE22A6-5151-431D-933A-3CA700015FC8}.Release|ARM.Build.0 = Release|ARM
		{BBFE22A6-5151-431D-933A-3CA700015FC8}.Release|x64.ActiveCfg = Release|x64
		{BBFE22A6-5151-431D-933A-3CA700015FC8}.Release|x64.Build.0 = Release|x64
		{BBFE22A6-5151-431D-933A-3CA700015FC8}.Release|x86.ActiveCfg = Release|x86
		{BBFE22A6-5151-431D-933A-3CA700015FC8}.Release|x86.Build.0 = Release|x86
		{6681A9D6-5480-4442-A4AD-D76C2CC64413}.Debug|Any CPU.ActiveCfg = Debug|Any CPU
		{6681A9D6-5480-4442-A4AD-D76C2CC64413}.Debug|Any CPU.Build.0 = Debug|Any CPU
		{6681A9D6-5480-4442-A4AD-D76C2CC64413}.Debug|ARM.ActiveCfg = Debug|ARM
		{6681A9D6-5480-4442-A4AD-D76C2CC64413}.Debug|ARM.Build.0 = Debug|ARM
		{6681A9D6-5480-4442-A4AD-D76C2CC64413}.Debug|x64.ActiveCfg = Debug|x64
		{6681A9D6-5480-4442-A4AD-D76C2CC64413}.Debug|x64.Build.0 = Debug|x64
		{6681A9D6-5480-4442-A4AD-D76C2CC64413}.Debug|x86.ActiveCfg = Debug|x86
		{6681A9D6-5480-4442-A4AD-D76C2CC64413}.Debug|x86.Build.0 = Debug|x86
		{6681A9D6-5480-4442-A4AD-D76C2CC64413}.Release|Any CPU.ActiveCfg = Release|Any CPU
		{6681A9D6-5480-4442-A4AD-D76C2CC64413}.Release|Any CPU.Build.0 = Release|Any CPU
		{6681A9D6-5480-4442-A4AD-D76C2CC64413}.Release|ARM.ActiveCfg = Release|ARM
		{6681A9D6-5480-4442-A4AD-D76C2CC64413}.Release|ARM.Build.0 = Release|ARM
		{6681A9D6-5480-4442-A4AD-D76C2CC64413}.Release|x64.ActiveCfg = Release|x64
		{6681A9D6-5480-4442-A4AD-D76C2CC64413}.Release|x64.Build.0 = Release|x64
		{6681A9D6-5480-4442-A4AD-D76C2CC64413}.Release|x86.ActiveCfg = Release|x86
		{6681A9D6-5480-4442-A4AD-D76C2CC64413}.Release|x86.Build.0 = Release|x86
		{B392B797-ABD4-48BD-A4E5-3DBA4D5C5BF8}.Debug|Any CPU.ActiveCfg = Debug|Any CPU
		{B392B797-ABD4-48BD-A4E5-3DBA4D5C5BF8}.Debug|Any CPU.Build.0 = Debug|Any CPU
		{B392B797-ABD4-48BD-A4E5-3DBA4D5C5BF8}.Debug|ARM.ActiveCfg = Debug|ARM
		{B392B797-ABD4-48BD-A4E5-3DBA4D5C5BF8}.Debug|ARM.Build.0 = Debug|ARM
		{B392B797-ABD4-48BD-A4E5-3DBA4D5C5BF8}.Debug|x64.ActiveCfg = Debug|x64
		{B392B797-ABD4-48BD-A4E5-3DBA4D5C5BF8}.Debug|x64.Build.0 = Debug|x64
		{B392B797-ABD4-48BD-A4E5-3DBA4D5C5BF8}.Debug|x86.ActiveCfg = Debug|x86
		{B392B797-ABD4-48BD-A4E5-3DBA4D5C5BF8}.Debug|x86.Build.0 = Debug|x86
		{B392B797-ABD4-48BD-A4E5-3DBA4D5C5BF8}.Release|Any CPU.ActiveCfg = Release|Any CPU
		{B392B797-ABD4-48BD-A4E5-3DBA4D5C5BF8}.Release|Any CPU.Build.0 = Release|Any CPU
		{B392B797-ABD4-48BD-A4E5-3DBA4D5C5BF8}.Release|ARM.ActiveCfg = Release|ARM
		{B392B797-ABD4-48BD-A4E5-3DBA4D5C5BF8}.Release|ARM.Build.0 = Release|ARM
		{B392B797-ABD4-48BD-A4E5-3DBA4D5C5BF8}.Release|x64.ActiveCfg = Release|x64
		{B392B797-ABD4-48BD-A4E5-3DBA4D5C5BF8}.Release|x64.Build.0 = Release|x64
		{B392B797-ABD4-48BD-A4E5-3DBA4D5C5BF8}.Release|x86.ActiveCfg = Release|x86
		{B392B797-ABD4-48BD-A4E5-3DBA4D5C5BF8}.Release|x86.Build.0 = Release|x86
	EndGlobalSection
	GlobalSection(SolutionProperties) = preSolution
		HideSolutionNode = FALSE
	EndGlobalSection
EndGlobal
